
Microsoft Visual Studio Solution File, Format Version 12.00
# Visual Studio Version 16
VisualStudioVersion = 16.0.29230.47
MinimumVisualStudioVersion = 10.0.40219.1
Project("{FAE04EC0-301F-11D3-BF4B-00C04F79EFBC}") = "AutoVoorbeeld.WPF", "AutoVoorbeeld.WPF\AutoVoorbeeld.WPF.csproj", "{5BA59E22-8171-4A57-A52F-DF891F400287}"
EndProject
Project("{FAE04EC0-301F-11D3-BF4B-00C04F79EFBC}") = "AutoVoorbeeld.Lib", "AutoVoorbeeld.Lib\AutoVoorbeeld.Lib.csproj", "{E97EA151-C2B1-4CD0-BA9B-AA89A361D7A8}"
EndProject
Project("{FAE04EC0-301F-11D3-BF4B-00C04F79EFBC}") = "AutoVoorbeeld.Cons", "AutoVoorbeeld.Cons\AutoVoorbeeld.Cons.csproj", "{DE481FFC-C67C-41F8-AFCE-28266A29BBBC}"
EndProject
Global
	GlobalSection(SolutionConfigurationPlatforms) = preSolution
		Debug|Any CPU = Debug|Any CPU
		Release|Any CPU = Release|Any CPU
	EndGlobalSection
	GlobalSection(ProjectConfigurationPlatforms) = postSolution
		{5BA59E22-8171-4A57-A52F-DF891F400287}.Debug|Any CPU.ActiveCfg = Debug|Any CPU
		{5BA59E22-8171-4A57-A52F-DF891F400287}.Debug|Any CPU.Build.0 = Debug|Any CPU
		{5BA59E22-8171-4A57-A52F-DF891F400287}.Release|Any CPU.ActiveCfg = Release|Any CPU
		{5BA59E22-8171-4A57-A52F-DF891F400287}.Release|Any CPU.Build.0 = Release|Any CPU
		{E97EA151-C2B1-4CD0-BA9B-AA89A361D7A8}.Debug|Any CPU.ActiveCfg = Debug|Any CPU
		{E97EA151-C2B1-4CD0-BA9B-AA89A361D7A8}.Debug|Any CPU.Build.0 = Debug|Any CPU
		{E97EA151-C2B1-4CD0-BA9B-AA89A361D7A8}.Release|Any CPU.ActiveCfg = Release|Any CPU
		{E97EA151-C2B1-4CD0-BA9B-AA89A361D7A8}.Release|Any CPU.Build.0 = Release|Any CPU
		{DE481FFC-C67C-41F8-AFCE-28266A29BBBC}.Debug|Any CPU.ActiveCfg = Debug|Any CPU
		{DE481FFC-C67C-41F8-AFCE-28266A29BBBC}.Debug|Any CPU.Build.0 = Debug|Any CPU
		{DE481FFC-C67C-41F8-AFCE-28266A29BBBC}.Release|Any CPU.ActiveCfg = Release|Any CPU
		{DE481FFC-C67C-41F8-AFCE-28266A29BBBC}.Release|Any CPU.Build.0 = Release|Any CPU
	EndGlobalSection
	GlobalSection(SolutionProperties) = preSolution
		HideSolutionNode = FALSE
	EndGlobalSection
	GlobalSection(ExtensibilityGlobals) = postSolution
		SolutionGuid = {1D05369B-9FEF-4A54-A5C8-BFE3ADFF17BA}
	EndGlobalSection
EndGlobal
